
Microsoft Visual Studio Solution File, Format Version 12.00
# Visual Studio Version 17
VisualStudioVersion = 17.5.33516.290
MinimumVisualStudioVersion = 10.0.40219.1
Project("{FAE04EC0-301F-11D3-BF4B-00C04F79EFBC}") = "Ty1 DLG Editor", "Ty1 DLG Editor\Ty1 DLG Editor.csproj", "{2D723C6D-D5C3-4945-9058-86B3EBA5479A}"
EndProject
Global
	GlobalSection(SolutionConfigurationPlatforms) = preSolution
		Debug|Any CPU = Debug|Any CPU
		Release|Any CPU = Release|Any CPU
	EndGlobalSection
	GlobalSection(ProjectConfigurationPlatforms) = postSolution
		{2D723C6D-D5C3-4945-9058-86B3EBA5479A}.Debug|Any CPU.ActiveCfg = Debug|Any CPU
		{2D723C6D-D5C3-4945-9058-86B3EBA5479A}.Debug|Any CPU.Build.0 = Debug|Any CPU
		{2D723C6D-D5C3-4945-9058-86B3EBA5479A}.Release|Any CPU.ActiveCfg = Release|Any CPU
		{2D723C6D-D5C3-4945-9058-86B3EBA5479A}.Release|Any CPU.Build.0 = Release|Any CPU
	EndGlobalSection
	GlobalSection(SolutionProperties) = preSolution
		HideSolutionNode = FALSE
	EndGlobalSection
	GlobalSection(ExtensibilityGlobals) = postSolution
		SolutionGuid = {D5C5B7D5-0993-477B-BF08-53419EF27CAF}
	EndGlobalSection
EndGlobal
